
Microsoft Visual Studio Solution File, Format Version 12.00
# Visual Studio Version 17
VisualStudioVersion = 17.7.34031.279
MinimumVisualStudioVersion = 10.0.40219.1
Project("{FAE04EC0-301F-11D3-BF4B-00C04F79EFBC}") = "Solution1", "Solution1\Solution1.csproj", "{55AEB4DB-3680-493B-A4FC-6821CCD7CA6F}"
EndProject
Project("{FAE04EC0-301F-11D3-BF4B-00C04F79EFBC}") = "SimpleClassLibrary", "SimpleClassLibrary\SimpleClassLibrary.csproj", "{801E264C-0201-48A1-9220-5F053532A82E}"
EndProject
Project("{FAE04EC0-301F-11D3-BF4B-00C04F79EFBC}") = "Solution2", "Solution2\Solution2.csproj", "{1BA30F58-36DA-4CD5-BC64-DC707461CC05}"
EndProject
Global
	GlobalSection(SolutionConfigurationPlatforms) = preSolution
		Debug|Any CPU = Debug|Any CPU
		Release|Any CPU = Release|Any CPU
	EndGlobalSection
	GlobalSection(ProjectConfigurationPlatforms) = postSolution
		{55AEB4DB-3680-493B-A4FC-6821CCD7CA6F}.Debug|Any CPU.ActiveCfg = Debug|Any CPU
		{55AEB4DB-3680-493B-A4FC-6821CCD7CA6F}.Debug|Any CPU.Build.0 = Debug|Any CPU
		{55AEB4DB-3680-493B-A4FC-6821CCD7CA6F}.Release|Any CPU.ActiveCfg = Release|Any CPU
		{55AEB4DB-3680-493B-A4FC-6821CCD7CA6F}.Release|Any CPU.Build.0 = Release|Any CPU
		{801E264C-0201-48A1-9220-5F053532A82E}.Debug|Any CPU.ActiveCfg = Debug|Any CPU
		{801E264C-0201-48A1-9220-5F053532A82E}.Debug|Any CPU.Build.0 = Debug|Any CPU
		{801E264C-0201-48A1-9220-5F053532A82E}.Release|Any CPU.ActiveCfg = Release|Any CPU
		{801E264C-0201-48A1-9220-5F053532A82E}.Release|Any CPU.Build.0 = Release|Any CPU
		{1BA30F58-36DA-4CD5-BC64-DC707461CC05}.Debug|Any CPU.ActiveCfg = Debug|Any CPU
		{1BA30F58-36DA-4CD5-BC64-DC707461CC05}.Debug|Any CPU.Build.0 = Debug|Any CPU
		{1BA30F58-36DA-4CD5-BC64-DC707461CC05}.Release|Any CPU.ActiveCfg = Release|Any CPU
		{1BA30F58-36DA-4CD5-BC64-DC707461CC05}.Release|Any CPU.Build.0 = Release|Any CPU
	EndGlobalSection
	GlobalSection(SolutionProperties) = preSolution
		HideSolutionNode = FALSE
	EndGlobalSection
	GlobalSection(ExtensibilityGlobals) = postSolution
		SolutionGuid = {55E67F29-A3F4-4CCF-9686-55FC89871B47}
	EndGlobalSection
EndGlobal
